
Microsoft Visual Studio Solution File, Format Version 12.00
# Visual Studio Version 16
VisualStudioVersion = 16.0.31911.196
MinimumVisualStudioVersion = 10.0.40219.1
Project("{FAE04EC0-301F-11D3-BF4B-00C04F79EFBC}") = "Kalidokit", "Kalidokit.csproj", "{FC57E48F-F7E0-4937-B71C-3BD73DC5788D}"
EndProject
Global
	GlobalSection(SolutionConfigurationPlatforms) = preSolution
		Debug|Any CPU = Debug|Any CPU
		Release|Any CPU = Release|Any CPU
	EndGlobalSection
	GlobalSection(ProjectConfigurationPlatforms) = postSolution
		{FC57E48F-F7E0-4937-B71C-3BD73DC5788D}.Debug|Any CPU.ActiveCfg = Debug|Any CPU
		{FC57E48F-F7E0-4937-B71C-3BD73DC5788D}.Debug|Any CPU.Build.0 = Debug|Any CPU
		{FC57E48F-F7E0-4937-B71C-3BD73DC5788D}.Release|Any CPU.ActiveCfg = Release|Any CPU
		{FC57E48F-F7E0-4937-B71C-3BD73DC5788D}.Release|Any CPU.Build.0 = Release|Any CPU
	EndGlobalSection
	GlobalSection(SolutionProperties) = preSolution
		HideSolutionNode = FALSE
	EndGlobalSection
	GlobalSection(ExtensibilityGlobals) = postSolution
		SolutionGuid = {36622BDF-2FDA-4160-9E98-EFACFCABA15F}
	EndGlobalSection
EndGlobal
